{
    "name": "cli-for-microsoft-365-extension",
    "version": "1.4.1",
    "lockfileVersion": 2,
    "requires": true,
    "packages": {
        "": {
            "name": "cli-for-microsoft-365-extension",
            "version": "1.4.1",
            "license": "MIT",
            "engines": {
                "vscode": "^1.66.0"
            }
        }
    }
}
